
Microsoft Visual Studio Solution File, Format Version 12.00
# Visual Studio Version 16
VisualStudioVersion = 16.0.30907.101
MinimumVisualStudioVersion = 10.0.40219.1
Project("{9A19103F-16F7-4668-BE54-9A1E7A4F7556}") = "WindowsForms", "WindowsForms\WindowsForms.csproj", "{FAE74FEC-A111-4CFA-8040-90D566FBCFA6}"
EndProject
Global
	GlobalSection(SolutionConfigurationPlatforms) = preSolution
		Debug|Any CPU = Debug|Any CPU
		Release|Any CPU = Release|Any CPU
	EndGlobalSection
	GlobalSection(ProjectConfigurationPlatforms) = postSolution
		{FAE74FEC-A111-4CFA-8040-90D566FBCFA6}.Debug|Any CPU.ActiveCfg = Debug|Any CPU
		{FAE74FEC-A111-4CFA-8040-90D566FBCFA6}.Debug|Any CPU.Build.0 = Debug|Any CPU
		{FAE74FEC-A111-4CFA-8040-90D566FBCFA6}.Release|Any CPU.ActiveCfg = Release|Any CPU
		{FAE74FEC-A111-4CFA-8040-90D566FBCFA6}.Release|Any CPU.Build.0 = Release|Any CPU
	EndGlobalSection
	GlobalSection(SolutionProperties) = preSolution
		HideSolutionNode = FALSE
	EndGlobalSection
	GlobalSection(ExtensibilityGlobals) = postSolution
		SolutionGuid = {59465193-BC55-4CC8-8B2B-E71BF202385B}
	EndGlobalSection
EndGlobal
